Microsoft Visual Studio Solution File, Format Version 8.00
Project("{F184B08F-C81C-45F6-A57F-5ABD9991F28F}") = "TimeBars", "TimeBars.vbproj", "{6FB89F3A-C1C6-42F3-AC84-79301B787FC0}"
	ProjectSection(ProjectDependencies) = postProject
	EndProjectSection
EndProject
Project("{F184B08F-C81C-45F6-A57F-5ABD9991F28F}") = "GravityboxSchedule", "..\..\Source\GravityboxSchedule.vbproj", "{B754E95F-3BE6-4A8E-879F-D8AD7FEFD1C7}"
	ProjectSection(ProjectDependencies) = postProject
	EndProjectSection
EndProject
Global
	GlobalSection(SolutionConfiguration) = preSolution
		Debug = Debug
		Release = Release
	EndGlobalSection
	GlobalSection(ProjectConfiguration) = postSolution
		{6FB89F3A-C1C6-42F3-AC84-79301B787FC0}.Debug.ActiveCfg = Debug|.NET
		{6FB89F3A-C1C6-42F3-AC84-79301B787FC0}.Debug.Build.0 = Debug|.NET
		{6FB89F3A-C1C6-42F3-AC84-79301B787FC0}.Release.ActiveCfg = Release|.NET
		{6FB89F3A-C1C6-42F3-AC84-79301B787FC0}.Release.Build.0 = Release|.NET
		{B754E95F-3BE6-4A8E-879F-D8AD7FEFD1C7}.Debug.ActiveCfg = Debug|.NET
		{B754E95F-3BE6-4A8E-879F-D8AD7FEFD1C7}.Debug.Build.0 = Debug|.NET
		{B754E95F-3BE6-4A8E-879F-D8AD7FEFD1C7}.Release.ActiveCfg = Release|.NET
		{B754E95F-3BE6-4A8E-879F-D8AD7FEFD1C7}.Release.Build.0 = Release|.NET
	EndGlobalSection
	GlobalSection(ExtensibilityGlobals) = postSolution
	EndGlobalSection
	GlobalSection(ExtensibilityAddIns) = postSolution
	EndGlobalSection
EndGlobal
