Microsoft Visual Studio Solution File, Format Version 8.00
Project("{FAE04EC0-301F-11D3-BF4B-00C04F79EFBC}") = "CopyPaste", "CopyPaste.csproj", "{5385EBAB-766F-4C22-AF3E-EEE276C00C85}"
	ProjectSection(ProjectDependencies) = postProject
	EndProjectSection
EndProject
Global
	GlobalSection(SolutionConfiguration) = preSolution
		Debug = Debug
		Release = Release
	EndGlobalSection
	GlobalSection(ProjectConfiguration) = postSolution
		{5385EBAB-766F-4C22-AF3E-EEE276C00C85}.Debug.ActiveCfg = Debug|.NET
		{5385EBAB-766F-4C22-AF3E-EEE276C00C85}.Debug.Build.0 = Debug|.NET
		{5385EBAB-766F-4C22-AF3E-EEE276C00C85}.Release.ActiveCfg = Release|.NET
		{5385EBAB-766F-4C22-AF3E-EEE276C00C85}.Release.Build.0 = Release|.NET
	EndGlobalSection
	GlobalSection(ExtensibilityGlobals) = postSolution
	EndGlobalSection
	GlobalSection(ExtensibilityAddIns) = postSolution
	EndGlobalSection
EndGlobal
