Microsoft Visual Studio Solution File, Format Version 7.00
Project("{F184B08F-C81C-45F6-A57F-5ABD9991F28F}") = "Enterprise", "Enterprise.vbproj", "{A1DCFD9F-014C-43C7-A2A1-5695B76EA919}"
EndProject
Global
	GlobalSection(SolutionConfiguration) = preSolution
		ConfigName.0 = Debug
		ConfigName.1 = Release
	EndGlobalSection
	GlobalSection(ProjectDependencies) = postSolution
	EndGlobalSection
	GlobalSection(ProjectConfiguration) = postSolution
		{A1DCFD9F-014C-43C7-A2A1-5695B76EA919}.Debug.ActiveCfg = Debug|.NET
		{A1DCFD9F-014C-43C7-A2A1-5695B76EA919}.Debug.Build.0 = Debug|.NET
		{A1DCFD9F-014C-43C7-A2A1-5695B76EA919}.Release.ActiveCfg = Release|.NET
		{A1DCFD9F-014C-43C7-A2A1-5695B76EA919}.Release.Build.0 = Release|.NET
	EndGlobalSection
	GlobalSection(ExtensibilityGlobals) = postSolution
	EndGlobalSection
	GlobalSection(ExtensibilityAddIns) = postSolution
	EndGlobalSection
EndGlobal
