
Microsoft Visual Studio Solution File, Format Version 9.00
# Visual Studio 2005
Project("{F184B08F-C81C-45F6-A57F-5ABD9991F28F}") = "DoctorOffice.2005", "DoctorOffice.2005.vbproj", "{64CA80E7-20F0-4B45-B5BF-E83BEF741704}"
EndProject
Global
	GlobalSection(SolutionConfigurationPlatforms) = preSolution
		Debug|Any CPU = Debug|Any CPU
		Release|Any CPU = Release|Any CPU
	EndGlobalSection
	GlobalSection(ProjectConfigurationPlatforms) = postSolution
		{64CA80E7-20F0-4B45-B5BF-E83BEF741704}.Debug|Any CPU.ActiveCfg = Debug|Any CPU
		{64CA80E7-20F0-4B45-B5BF-E83BEF741704}.Debug|Any CPU.Build.0 = Debug|Any CPU
		{64CA80E7-20F0-4B45-B5BF-E83BEF741704}.Release|Any CPU.ActiveCfg = Release|Any CPU
		{64CA80E7-20F0-4B45-B5BF-E83BEF741704}.Release|Any CPU.Build.0 = Release|Any CPU
	EndGlobalSection
	GlobalSection(SolutionProperties) = preSolution
		HideSolutionNode = FALSE
	EndGlobalSection
EndGlobal
