Microsoft Visual Studio Solution File, Format Version 8.00
Project("{FAE04EC0-301F-11D3-BF4B-00C04F79EFBC}") = "Effects", "Effects.csproj", "{906CFD93-B306-4915-9109-1DCE5C3B3E07}"
	ProjectSection(ProjectDependencies) = postProject
	EndProjectSection
EndProject
Global
	GlobalSection(SolutionConfiguration) = preSolution
		Debug = Debug
		Release = Release
	EndGlobalSection
	GlobalSection(ProjectConfiguration) = postSolution
		{906CFD93-B306-4915-9109-1DCE5C3B3E07}.Debug.ActiveCfg = Debug|.NET
		{906CFD93-B306-4915-9109-1DCE5C3B3E07}.Debug.Build.0 = Debug|.NET
		{906CFD93-B306-4915-9109-1DCE5C3B3E07}.Release.ActiveCfg = Release|.NET
		{906CFD93-B306-4915-9109-1DCE5C3B3E07}.Release.Build.0 = Release|.NET
	EndGlobalSection
	GlobalSection(ExtensibilityGlobals) = postSolution
	EndGlobalSection
	GlobalSection(ExtensibilityAddIns) = postSolution
	EndGlobalSection
EndGlobal
