Microsoft Visual Studio Solution File, Format Version 8.00
Project("{F184B08F-C81C-45F6-A57F-5ABD9991F28F}") = "CopyPaste", "CopyPaste.vbproj", "{383C399E-F01D-48E9-9D29-A58D5A09BD2C}"
	ProjectSection(ProjectDependencies) = postProject
	EndProjectSection
EndProject
Global
	GlobalSection(SolutionConfiguration) = preSolution
		Debug = Debug
		Release = Release
	EndGlobalSection
	GlobalSection(ProjectConfiguration) = postSolution
		{383C399E-F01D-48E9-9D29-A58D5A09BD2C}.Debug.ActiveCfg = Debug|.NET
		{383C399E-F01D-48E9-9D29-A58D5A09BD2C}.Debug.Build.0 = Debug|.NET
		{383C399E-F01D-48E9-9D29-A58D5A09BD2C}.Release.ActiveCfg = Release|.NET
		{383C399E-F01D-48E9-9D29-A58D5A09BD2C}.Release.Build.0 = Release|.NET
	EndGlobalSection
	GlobalSection(ExtensibilityGlobals) = postSolution
	EndGlobalSection
	GlobalSection(ExtensibilityAddIns) = postSolution
	EndGlobalSection
EndGlobal
