Microsoft Visual Studio Solution File, Format Version 8.00
Project("{F184B08F-C81C-45F6-A57F-5ABD9991F28F}") = "Distributed", "Distributed.vbproj", "{1E940E81-F376-4970-8313-7CCB14A885D9}"
	ProjectSection(ProjectDependencies) = postProject
	EndProjectSection
EndProject
Global
	GlobalSection(SolutionConfiguration) = preSolution
		Debug = Debug
		Release = Release
	EndGlobalSection
	GlobalSection(ProjectConfiguration) = postSolution
		{1E940E81-F376-4970-8313-7CCB14A885D9}.Debug.ActiveCfg = Debug|.NET
		{1E940E81-F376-4970-8313-7CCB14A885D9}.Debug.Build.0 = Debug|.NET
		{1E940E81-F376-4970-8313-7CCB14A885D9}.Release.ActiveCfg = Release|.NET
		{1E940E81-F376-4970-8313-7CCB14A885D9}.Release.Build.0 = Release|.NET
	EndGlobalSection
	GlobalSection(ExtensibilityGlobals) = postSolution
	EndGlobalSection
	GlobalSection(ExtensibilityAddIns) = postSolution
	EndGlobalSection
EndGlobal
