
Microsoft Visual Studio Solution File, Format Version 9.00
# Visual Studio 2005
Project("{F184B08F-C81C-45F6-A57F-5ABD9991F28F}") = "StandAloneDemo.2005", "StandAloneDemo.2005.vbproj", "{42D3E207-81D3-41B5-95CC-01ED39762815}"
EndProject
Global
	GlobalSection(SolutionConfigurationPlatforms) = preSolution
		Debug|Any CPU = Debug|Any CPU
		Release|Any CPU = Release|Any CPU
	EndGlobalSection
	GlobalSection(ProjectConfigurationPlatforms) = postSolution
		{42D3E207-81D3-41B5-95CC-01ED39762815}.Debug|Any CPU.ActiveCfg = Debug|Any CPU
		{42D3E207-81D3-41B5-95CC-01ED39762815}.Debug|Any CPU.Build.0 = Debug|Any CPU
		{42D3E207-81D3-41B5-95CC-01ED39762815}.Release|Any CPU.ActiveCfg = Release|Any CPU
		{42D3E207-81D3-41B5-95CC-01ED39762815}.Release|Any CPU.Build.0 = Release|Any CPU
	EndGlobalSection
	GlobalSection(SolutionProperties) = preSolution
		HideSolutionNode = FALSE
	EndGlobalSection
EndGlobal
