Microsoft Visual Studio Solution File, Format Version 8.00
Project("{FAE04EC0-301F-11D3-BF4B-00C04F79EFBC}") = "Appearances", "Appearances.csproj", "{DEFD1E80-72F8-407F-AAB7-CC4168D31E7F}"
	ProjectSection(ProjectDependencies) = postProject
	EndProjectSection
EndProject
Global
	GlobalSection(SolutionConfiguration) = preSolution
		Debug = Debug
		Release = Release
	EndGlobalSection
	GlobalSection(ProjectConfiguration) = postSolution
		{DEFD1E80-72F8-407F-AAB7-CC4168D31E7F}.Debug.ActiveCfg = Debug|.NET
		{DEFD1E80-72F8-407F-AAB7-CC4168D31E7F}.Debug.Build.0 = Debug|.NET
		{DEFD1E80-72F8-407F-AAB7-CC4168D31E7F}.Release.ActiveCfg = Release|.NET
		{DEFD1E80-72F8-407F-AAB7-CC4168D31E7F}.Release.Build.0 = Release|.NET
	EndGlobalSection
	GlobalSection(ExtensibilityGlobals) = postSolution
	EndGlobalSection
	GlobalSection(ExtensibilityAddIns) = postSolution
	EndGlobalSection
EndGlobal
